
Microsoft Visual Studio Solution File, Format Version 12.00
# Visual Studio Version 16
VisualStudioVersion = 16.0.31019.35
MinimumVisualStudioVersion = 10.0.40219.1
Project("{FAE04EC0-301F-11D3-BF4B-00C04F79EFBC}") = "JsonOpertioninApi", "JsonOpertioninApi\JsonOpertioninApi.csproj", "{5527E10B-95DC-4609-A399-533AEC847F11}"
EndProject
Global
	GlobalSection(SolutionConfigurationPlatforms) = preSolution
		Debug|Any CPU = Debug|Any CPU
		Release|Any CPU = Release|Any CPU
	EndGlobalSection
	GlobalSection(ProjectConfigurationPlatforms) = postSolution
		{5527E10B-95DC-4609-A399-533AEC847F11}.Debug|Any CPU.ActiveCfg = Debug|Any CPU
		{5527E10B-95DC-4609-A399-533AEC847F11}.Debug|Any CPU.Build.0 = Debug|Any CPU
		{5527E10B-95DC-4609-A399-533AEC847F11}.Release|Any CPU.ActiveCfg = Release|Any CPU
		{5527E10B-95DC-4609-A399-533AEC847F11}.Release|Any CPU.Build.0 = Release|Any CPU
	EndGlobalSection
	GlobalSection(SolutionProperties) = preSolution
		HideSolutionNode = FALSE
	EndGlobalSection
	GlobalSection(ExtensibilityGlobals) = postSolution
		SolutionGuid = {8178E995-AC9C-4919-9FBF-F48847FB2874}
	EndGlobalSection
EndGlobal
